
Microsoft Visual Studio Solution File, Format Version 12.00
# Visual Studio Version 16
VisualStudioVersion = 16.0.31624.102
MinimumVisualStudioVersion = 10.0.40219.1
Project("{8BC9CEB8-8B4A-11D0-8D11-00A0C91BC942}") = "lesson 2", "lesson 2\lesson 2.vcxproj", "{35DA143A-E5A1-4CB9-AC73-CE42AD5E07C8}"
EndProject
Global
	GlobalSection(SolutionConfigurationPlatforms) = preSolution
		Debug|x64 = Debug|x64
		Debug|x86 = Debug|x86
		Release|x64 = Release|x64
		Release|x86 = Release|x86
	EndGlobalSection
	GlobalSection(ProjectConfigurationPlatforms) = postSolution
		{35DA143A-E5A1-4CB9-AC73-CE42AD5E07C8}.Debug|x64.ActiveCfg = Debug|x64
		{35DA143A-E5A1-4CB9-AC73-CE42AD5E07C8}.Debug|x64.Build.0 = Debug|x64
		{35DA143A-E5A1-4CB9-AC73-CE42AD5E07C8}.Debug|x86.ActiveCfg = Debug|Win32
		{35DA143A-E5A1-4CB9-AC73-CE42AD5E07C8}.Debug|x86.Build.0 = Debug|Win32
		{35DA143A-E5A1-4CB9-AC73-CE42AD5E07C8}.Release|x64.ActiveCfg = Release|x64
		{35DA143A-E5A1-4CB9-AC73-CE42AD5E07C8}.Release|x64.Build.0 = Release|x64
		{35DA143A-E5A1-4CB9-AC73-CE42AD5E07C8}.Release|x86.ActiveCfg = Release|Win32
		{35DA143A-E5A1-4CB9-AC73-CE42AD5E07C8}.Release|x86.Build.0 = Release|Win32
	EndGlobalSection
	GlobalSection(SolutionProperties) = preSolution
		HideSolutionNode = FALSE
	EndGlobalSection
	GlobalSection(ExtensibilityGlobals) = postSolution
		SolutionGuid = {DA8AD8E3-2A97-41E2-BA89-DE642B70925D}
	EndGlobalSection
EndGlobal
